
Microsoft Visual Studio Solution File, Format Version 12.00
# Visual Studio 15
VisualStudioVersion = 15.0.28307.1209
MinimumVisualStudioVersion = 10.0.40219.1
Project("{FAE04EC0-301F-11D3-BF4B-00C04F79EFBC}") = "MyPhotoGallery", "MyPhotoGallery\MyPhotoGallery.csproj", "{7DD304A1-14D2-4394-9037-C71FA3BB3CCF}"
EndProject
Global
	GlobalSection(SolutionConfigurationPlatforms) = preSolution
		Debug|Any CPU = Debug|Any CPU
		Release|Any CPU = Release|Any CPU
	EndGlobalSection
	GlobalSection(ProjectConfigurationPlatforms) = postSolution
		{7DD304A1-14D2-4394-9037-C71FA3BB3CCF}.Debug|Any CPU.ActiveCfg = Debug|Any CPU
		{7DD304A1-14D2-4394-9037-C71FA3BB3CCF}.Debug|Any CPU.Build.0 = Debug|Any CPU
		{7DD304A1-14D2-4394-9037-C71FA3BB3CCF}.Release|Any CPU.ActiveCfg = Release|Any CPU
		{7DD304A1-14D2-4394-9037-C71FA3BB3CCF}.Release|Any CPU.Build.0 = Release|Any CPU
	EndGlobalSection
	GlobalSection(SolutionProperties) = preSolution
		HideSolutionNode = FALSE
	EndGlobalSection
	GlobalSection(ExtensibilityGlobals) = postSolution
		SolutionGuid = {056067BA-8B4A-4B9F-9CF2-F9F6BD585EBF}
	EndGlobalSection
EndGlobal
